
Microsoft Visual Studio Solution File, Format Version 12.00
# Visual Studio Version 17
VisualStudioVersion = 17.5.002.0
MinimumVisualStudioVersion = 10.0.40219.1
Project("{FAE04EC0-301F-11D3-BF4B-00C04F79EFBC}") = "Gangs", "src\Gangs\Gangs.csproj", "{632A3D8E-69A7-4C13-AAFC-3C0D905F0DB2}"
EndProject
Project("{FAE04EC0-301F-11D3-BF4B-00C04F79EFBC}") = "GangsApi", "src\GangsAPI\GangsApi.csproj", "{D2425BD3-57DA-40C0-BDC3-62C3AF9787E0}"
EndProject
Project("{FAE04EC0-301F-11D3-BF4B-00C04F79EFBC}") = "GangsArmor", "src\Modules\GangsArmor\GangsArmor.csproj", "{3F9D6C1E-D126-4B7E-B279-F2AC321FA5F7}"
EndProject
Project("{FAE04EC0-301F-11D3-BF4B-00C04F79EFBC}") = "GangsChat", "src\Modules\GangsChat\GangsChat.csproj", "{88CBDD9C-ACBC-41DA-B9A1-31A0DBAF50F8}"
EndProject
Project("{FAE04EC0-301F-11D3-BF4B-00C04F79EFBC}") = "GangsDamage", "src\Modules\GangsDamage\GangsDamage.csproj", "{FB4BE42F-1D30-4DD5-804F-671CA5F86FAC}"
EndProject
Project("{FAE04EC0-301F-11D3-BF4B-00C04F79EFBC}") = "GangsGravity", "src\Modules\GangsGravity\GangsGravity.csproj", "{8E1D1578-5CD8-4E8B-87C9-CA9A0DEDFE2D}"
EndProject
Project("{FAE04EC0-301F-11D3-BF4B-00C04F79EFBC}") = "GangsHP", "src\Modules\GangsHP\GangsHP.csproj", "{67BC1093-4D93-431F-949E-8ACE0377A6B8}"
EndProject
Project("{FAE04EC0-301F-11D3-BF4B-00C04F79EFBC}") = "GangsSize", "src\Modules\GangsSize\GangsSize.csproj", "{69878A1D-5007-48C6-A690-8EE900CEE3AC}"
EndProject
Project("{FAE04EC0-301F-11D3-BF4B-00C04F79EFBC}") = "GangsSpeed", "src\Modules\GangsSpeed\GangsSpeed.csproj", "{78A512E4-D2B6-4A90-9097-79EFA7151C30}"
EndProject
Global
	GlobalSection(SolutionConfigurationPlatforms) = preSolution
		Debug|Any CPU = Debug|Any CPU
		Release|Any CPU = Release|Any CPU
	EndGlobalSection
	GlobalSection(ProjectConfigurationPlatforms) = postSolution
		{632A3D8E-69A7-4C13-AAFC-3C0D905F0DB2}.Debug|Any CPU.ActiveCfg = Debug|Any CPU
		{632A3D8E-69A7-4C13-AAFC-3C0D905F0DB2}.Debug|Any CPU.Build.0 = Debug|Any CPU
		{632A3D8E-69A7-4C13-AAFC-3C0D905F0DB2}.Release|Any CPU.ActiveCfg = Release|Any CPU
		{632A3D8E-69A7-4C13-AAFC-3C0D905F0DB2}.Release|Any CPU.Build.0 = Release|Any CPU
		{D2425BD3-57DA-40C0-BDC3-62C3AF9787E0}.Debug|Any CPU.ActiveCfg = Debug|Any CPU
		{D2425BD3-57DA-40C0-BDC3-62C3AF9787E0}.Debug|Any CPU.Build.0 = Debug|Any CPU
		{D2425BD3-57DA-40C0-BDC3-62C3AF9787E0}.Release|Any CPU.ActiveCfg = Release|Any CPU
		{D2425BD3-57DA-40C0-BDC3-62C3AF9787E0}.Release|Any CPU.Build.0 = Release|Any CPU
		{3F9D6C1E-D126-4B7E-B279-F2AC321FA5F7}.Debug|Any CPU.ActiveCfg = Debug|Any CPU
		{3F9D6C1E-D126-4B7E-B279-F2AC321FA5F7}.Debug|Any CPU.Build.0 = Debug|Any CPU
		{3F9D6C1E-D126-4B7E-B279-F2AC321FA5F7}.Release|Any CPU.ActiveCfg = Release|Any CPU
		{3F9D6C1E-D126-4B7E-B279-F2AC321FA5F7}.Release|Any CPU.Build.0 = Release|Any CPU
		{88CBDD9C-ACBC-41DA-B9A1-31A0DBAF50F8}.Debug|Any CPU.ActiveCfg = Debug|Any CPU
		{88CBDD9C-ACBC-41DA-B9A1-31A0DBAF50F8}.Debug|Any CPU.Build.0 = Debug|Any CPU
		{88CBDD9C-ACBC-41DA-B9A1-31A0DBAF50F8}.Release|Any CPU.ActiveCfg = Release|Any CPU
		{88CBDD9C-ACBC-41DA-B9A1-31A0DBAF50F8}.Release|Any CPU.Build.0 = Release|Any CPU
		{FB4BE42F-1D30-4DD5-804F-671CA5F86FAC}.Debug|Any CPU.ActiveCfg = Debug|Any CPU
		{FB4BE42F-1D30-4DD5-804F-671CA5F86FAC}.Debug|Any CPU.Build.0 = Debug|Any CPU
		{FB4BE42F-1D30-4DD5-804F-671CA5F86FAC}.Release|Any CPU.ActiveCfg = Release|Any CPU
		{FB4BE42F-1D30-4DD5-804F-671CA5F86FAC}.Release|Any CPU.Build.0 = Release|Any CPU
		{8E1D1578-5CD8-4E8B-87C9-CA9A0DEDFE2D}.Debug|Any CPU.ActiveCfg = Debug|Any CPU
		{8E1D1578-5CD8-4E8B-87C9-CA9A0DEDFE2D}.Debug|Any CPU.Build.0 = Debug|Any CPU
		{8E1D1578-5CD8-4E8B-87C9-CA9A0DEDFE2D}.Release|Any CPU.ActiveCfg = Release|Any CPU
		{8E1D1578-5CD8-4E8B-87C9-CA9A0DEDFE2D}.Release|Any CPU.Build.0 = Release|Any CPU
		{67BC1093-4D93-431F-949E-8ACE0377A6B8}.Debug|Any CPU.ActiveCfg = Debug|Any CPU
		{67BC1093-4D93-431F-949E-8ACE0377A6B8}.Debug|Any CPU.Build.0 = Debug|Any CPU
		{67BC1093-4D93-431F-949E-8ACE0377A6B8}.Release|Any CPU.ActiveCfg = Release|Any CPU
		{67BC1093-4D93-431F-949E-8ACE0377A6B8}.Release|Any CPU.Build.0 = Release|Any CPU
		{69878A1D-5007-48C6-A690-8EE900CEE3AC}.Debug|Any CPU.ActiveCfg = Debug|Any CPU
		{69878A1D-5007-48C6-A690-8EE900CEE3AC}.Debug|Any CPU.Build.0 = Debug|Any CPU
		{69878A1D-5007-48C6-A690-8EE900CEE3AC}.Release|Any CPU.ActiveCfg = Release|Any CPU
		{69878A1D-5007-48C6-A690-8EE900CEE3AC}.Release|Any CPU.Build.0 = Release|Any CPU
		{78A512E4-D2B6-4A90-9097-79EFA7151C30}.Debug|Any CPU.ActiveCfg = Debug|Any CPU
		{78A512E4-D2B6-4A90-9097-79EFA7151C30}.Debug|Any CPU.Build.0 = Debug|Any CPU
		{78A512E4-D2B6-4A90-9097-79EFA7151C30}.Release|Any CPU.ActiveCfg = Release|Any CPU
		{78A512E4-D2B6-4A90-9097-79EFA7151C30}.Release|Any CPU.Build.0 = Release|Any CPU
	EndGlobalSection
	GlobalSection(SolutionProperties) = preSolution
		HideSolutionNode = FALSE
	EndGlobalSection
	GlobalSection(ExtensibilityGlobals) = postSolution
		SolutionGuid = {0AF75158-FF6F-4372-A4B6-83196ACEE5EF}
	EndGlobalSection
EndGlobal
